# THIS IS AN AUTOGENERATED FILE. DO NOT EDIT THIS FILE DIRECTLY.
# yarn lockfile v1


"@babel/runtime@7.6.0":
  version "7.6.0"
  resolved "https://registry.yarnpkg.com/@babel/runtime/-/runtime-7.6.0.tgz#4fc1d642a9fd0299754e8b5de62c631cf5568205"
  integrity sha512-89eSBLJsxNxOERC0Op4vd+0Bqm6wRMqMbFtV3i0/fbaWw/mJ8Q3eBvgX0G4SyrOOLCtbu98HspF8o09MRT+KzQ==
  dependencies:
    regenerator-runtime "^0.13.2"

"@babel/runtime@^7.0.0":
  version "7.5.5"
  resolved "https://registry.yarnpkg.com/@babel/runtime/-/runtime-7.5.5.tgz#74fba56d35efbeca444091c7850ccd494fd2f132"
  integrity sha512-28QvEGyQyNkB0/m2B4FU7IEZGK2NUrcMtT6BZEFALTguLk+AUT6ofsHtPk5QyjAdUkpMJ+/Em+quwz4HOt30AQ==
  dependencies:
    regenerator-runtime "^0.13.2"

"@types/node@^10.3.2":
  version "10.14.13"
  resolved "https://registry.yarnpkg.com/@types/node/-/node-10.14.13.tgz#ac786d623860adf39a3f51d629480aacd6a6eec7"
  integrity sha512-yN/FNNW1UYsRR1wwAoyOwqvDuLDtVXnaJTZ898XIw/Q5cCaeVAlVwvsmXLX5PuiScBYwZsZU4JYSHB3TvfdwvQ==

"@walletpack/core@^1.0.50":
  version "1.0.50"
  resolved "https://registry.yarnpkg.com/@walletpack/core/-/core-1.0.50.tgz#a89c6c98a9d39dc07d47cb05cf3612c1b4c9af69"
  integrity sha512-mA5/WKuY/DoudYSapdf1k9t11/FiOqtIkgZITwg0igJMwYBXUkTKPFh4ny76RiCadug7NUuDcdW+gpR81weFUA==
  dependencies:
    aes-oop "^1.0.4"
    bignumber.js "^9.0.0"
    bip39 "^2.6.0"
    eosjs-ecc "^4.0.4"
    qrcode "^1.4.1"
    scrypt-async "^2.0.1"

aes-js@3.0.0:
  version "3.0.0"
  resolved "https://registry.yarnpkg.com/aes-js/-/aes-js-3.0.0.tgz#e21df10ad6c2053295bcbb8dab40b09dbea87e4d"
  integrity sha1-4h3xCtbCBTKVvLuNq0Cwnb6ofk0=

aes-oop@^1.0.4:
  version "1.0.4"
  resolved "https://registry.yarnpkg.com/aes-oop/-/aes-oop-1.0.4.tgz#4630d2767e22d670e5e237ba73af12f356a46bde"
  integrity sha512-bUZIzuZg2PoYoHS6SeuLyvEmDlhOYvRVvJ23MA8j+RC+lrf4Oep7v6xmwfdZytrDAeesMhQn50kf7NQ9PgxjgA==
  dependencies:
    sjcl "^1.0.7"

ansi-regex@^4.1.0:
  version "4.1.0"
  resolved "https://registry.yarnpkg.com/ansi-regex/-/ansi-regex-4.1.0.tgz#8b9f8f08cf1acb843756a839ca8c7e3168c51997"
  integrity sha512-1apePfXM1UOSqw0o9IiFAovVz9M5S1Dg+4TrDwfMewQ6p/rmMueb7tWZjQ1rx4Loy1ArBggoqGpfqqdI4rondg==

ansi-styles@^3.2.0:
  version "3.2.1"
  resolved "https://registry.yarnpkg.com/ansi-styles/-/ansi-styles-3.2.1.tgz#41fbb20243e50b12be0f04b8dedbf07520ce841d"
  integrity sha512-VT0ZI6kZRdTh8YyJw3SMbYm/u+NqfsAxEpWO0Pf9sq8/e94WxxOpPKx9FR1FlyCtOVDNOQ+8ntlqFxiRc+r5qA==
  dependencies:
    color-convert "^1.9.0"

axios@^0.19.0:
  version "0.19.0"
  resolved "https://registry.yarnpkg.com/axios/-/axios-0.19.0.tgz#8e09bff3d9122e133f7b8101c8fbdd00ed3d2ab8"
  integrity sha512-1uvKqKQta3KBxIz14F2v06AEHZ/dIoeKfbTRkK1E5oqjDnuEerLmYTgJB5AiQZHJcljpg1TuRzdjDR06qNk0DQ==
  dependencies:
    follow-redirects "1.5.10"
    is-buffer "^2.0.2"

babel-runtime@^6.26.0:
  version "6.26.0"
  resolved "https://registry.yarnpkg.com/babel-runtime/-/babel-runtime-6.26.0.tgz#965c7058668e82b55d7bfe04ff2337bc8b5647fe"
  integrity sha1-llxwWGaOgrVde/4E/yM3vItWR/4=
  dependencies:
    core-js "^2.4.0"
    regenerator-runtime "^0.11.0"

base-x@^3.0.2:
  version "3.0.7"
  resolved "https://registry.yarnpkg.com/base-x/-/base-x-3.0.7.tgz#1c5a7fafe8f66b4114063e8da102799d4e7c408f"
  integrity sha512-zAKJGuQPihXW22fkrfOclUUZXM2g92z5GzlSMHxhO6r6Qj+Nm0ccaGNBzDZojzwOMkpjAv4J0fOv1U4go+a4iw==
  dependencies:
    safe-buffer "^5.0.1"

bigi@1.4.2, bigi@^1.1.0:
  version "1.4.2"
  resolved "https://registry.yarnpkg.com/bigi/-/bigi-1.4.2.tgz#9c665a95f88b8b08fc05cfd731f561859d725825"
  integrity sha1-nGZalfiLiwj8Bc/XMfVhhZ1yWCU=

bignumber.js@^7.2.1:
  version "7.2.1"
  resolved "https://registry.yarnpkg.com/bignumber.js/-/bignumber.js-7.2.1.tgz#80c048759d826800807c4bfd521e50edbba57a5f"
  integrity sha512-S4XzBk5sMB+Rcb/LNcpzXr57VRTxgAvaAEDAl1AwRx27j00hT84O6OkteE7u8UB3NuaaygCRrEpqox4uDOrbdQ==

bignumber.js@^9.0.0:
  version "9.0.0"
  resolved "https://registry.yarnpkg.com/bignumber.js/-/bignumber.js-9.0.0.tgz#805880f84a329b5eac6e7cb6f8274b6d82bdf075"
  integrity sha512-t/OYhhJ2SD+YGBQcjY8GzzDHEk9f3nerxjtfa6tlMXfe7frs/WozhvCNoGvpM0P3bNf3Gq5ZRMlGr5f3r4/N8A==

bindings@^1.2.1, bindings@^1.5.0:
  version "1.5.0"
  resolved "https://registry.yarnpkg.com/bindings/-/bindings-1.5.0.tgz#10353c9e945334bc0511a6d90b38fbc7c9c504df"
  integrity sha512-p2q/t/mhvuOj/UeLlV6566GD/guowlr0hHxClI0W9m7MWYkL1F0hLo+0Aexs9HSPCtR1SXQ0TD3MMKrXZajbiQ==
  dependencies:
    file-uri-to-path "1.0.0"

bip39@^2.6.0:
  version "2.6.0"
  resolved "https://registry.yarnpkg.com/bip39/-/bip39-2.6.0.tgz#9e3a720b42ec8b3fbe4038f1e445317b6a99321c"
  integrity sha512-RrnQRG2EgEoqO24ea+Q/fftuPUZLmrEM3qNhhGsA3PbaXaCW791LTzPuVyx/VprXQcTbPJ3K3UeTna8ZnVl2sg==
  dependencies:
    create-hash "^1.1.0"
    pbkdf2 "^3.0.9"
    randombytes "^2.0.1"
    safe-buffer "^5.0.1"
    unorm "^1.3.3"

bip66@^1.1.5:
  version "1.1.5"
  resolved "https://registry.yarnpkg.com/bip66/-/bip66-1.1.5.tgz#01fa8748785ca70955d5011217d1b3139969ca22"
  integrity sha1-AfqHSHhcpwlV1QESF9GzE5lpyiI=
  dependencies:
    safe-buffer "^5.0.1"

bn.js@^4.11.0, bn.js@^4.11.1, bn.js@^4.11.8, bn.js@^4.4.0:
  version "4.11.8"
  resolved "https://registry.yarnpkg.com/bn.js/-/bn.js-4.11.8.tgz#2cde09eb5ee341f484746bb0309b3253b1b1442f"
  integrity sha512-ItfYfPLkWHUjckQCk8xC+LwxgK8NYcXywGigJgSwOP8Y2iyWT4f2vsZnoOXTTbo+o5yXmIUJ4gn5538SO5S3gA==

brorand@^1.0.1:
  version "1.1.0"
  resolved "https://registry.yarnpkg.com/brorand/-/brorand-1.1.0.tgz#12c25efe40a45e3c323eb8675a0a0ce57b22371f"
  integrity sha1-EsJe/kCkXjwyPrhnWgoM5XsiNx8=

browserify-aes@1.0.6:
  version "1.0.6"
  resolved "https://registry.yarnpkg.com/browserify-aes/-/browserify-aes-1.0.6.tgz#5e7725dbdef1fd5930d4ebab48567ce451c48a0a"
  integrity sha1-Xncl297x/Vkw1OurSFZ85FHEigo=
  dependencies:
    buffer-xor "^1.0.2"
    cipher-base "^1.0.0"
    create-hash "^1.1.0"
    evp_bytestokey "^1.0.0"
    inherits "^2.0.1"

browserify-aes@^1.0.6:
  version "1.2.0"
  resolved "https://registry.yarnpkg.com/browserify-aes/-/browserify-aes-1.2.0.tgz#326734642f403dabc3003209853bb70ad428ef48"
  integrity sha512-+7CHXqGuspUn/Sl5aO7Ea0xWGAtETPXNSAjHo48JfLdPWcMng33Xe4znFvQweqc/uzk5zSOI3H52CYnjCfb5hA==
  dependencies:
    buffer-xor "^1.0.3"
    cipher-base "^1.0.0"
    create-hash "^1.1.0"
    evp_bytestokey "^1.0.3"
    inherits "^2.0.1"
    safe-buffer "^5.0.1"

bs58@4.0.1:
  version "4.0.1"
  resolved "https://registry.yarnpkg.com/bs58/-/bs58-4.0.1.tgz#be161e76c354f6f788ae4071f63f34e8c4f0a42a"
  integrity sha1-vhYedsNU9veIrkBx9j806MTwpCo=
  dependencies:
    base-x "^3.0.2"

buffer-xor@^1.0.2, buffer-xor@^1.0.3:
  version "1.0.3"
  resolved "https://registry.yarnpkg.com/buffer-xor/-/buffer-xor-1.0.3.tgz#26e61ed1422fb70dd42e6e36729ed51d855fe8d9"
  integrity sha1-JuYe0UIvtw3ULm42cp7VHYVf6Nk=

bytebuffer@5.0.1:
  version "5.0.1"
  resolved "https://registry.yarnpkg.com/bytebuffer/-/bytebuffer-5.0.1.tgz#582eea4b1a873b6d020a48d58df85f0bba6cfddd"
  integrity sha1-WC7qSxqHO20CCkjVjfhfC7ps/d0=
  dependencies:
    long "~3"

camelcase@^5.0.0:
  version "5.3.1"
  resolved "https://registry.yarnpkg.com/camelcase/-/camelcase-5.3.1.tgz#e3c9b31569e106811df242f715725a1f4c494320"
  integrity sha512-L28STB170nwWS63UjtlEOE3dldQApaJXZkOI1uMFfzf3rRuPegHaHesyee+YxQ+W6SvRDQV6UrdOdRiR153wJg==

cipher-base@^1.0.0, cipher-base@^1.0.1, cipher-base@^1.0.3:
  version "1.0.4"
  resolved "https://registry.yarnpkg.com/cipher-base/-/cipher-base-1.0.4.tgz#8760e4ecc272f4c363532f926d874aae2c1397de"
  integrity sha512-Kkht5ye6ZGmwv40uUDZztayT2ThLQGfnj/T71N/XzeZeo3nf8foyW7zGTsPYkEya3m5f3cAypH+qe7YOrM1U2Q==
  dependencies:
    inherits "^2.0.1"
    safe-buffer "^5.0.1"

cliui@^5.0.0:
  version "5.0.0"
  resolved "https://registry.yarnpkg.com/cliui/-/cliui-5.0.0.tgz#deefcfdb2e800784aa34f46fa08e06851c7bbbc5"
  integrity sha512-PYeGSEmmHM6zvoef2w8TPzlrnNpXIjTipYK780YswmIP9vjxmd6Y2a3CB2Ks6/AU8NHjZugXvo8w3oWM2qnwXA==
  dependencies:
    string-width "^3.1.0"
    strip-ansi "^5.2.0"
    wrap-ansi "^5.1.0"

color-convert@^1.9.0:
  version "1.9.3"
  resolved "https://registry.yarnpkg.com/color-convert/-/color-convert-1.9.3.tgz#bb71850690e1f136567de629d2d5471deda4c1e8"
  integrity sha512-QfAUtd+vFdAtFQcC8CCyYt1fYWxSqAiK2cSD6zDB8N3cpsEBAvRxp9zOGg6G/SHHJYAT88/az/IuDGALsNVbGg==
  dependencies:
    color-name "1.1.3"

color-name@1.1.3:
  version "1.1.3"
  resolved "https://registry.yarnpkg.com/color-name/-/color-name-1.1.3.tgz#a7d0558bd89c42f795dd42328f740831ca53bc25"
  integrity sha1-p9BVi9icQveV3UIyj3QIMcpTvCU=

core-js@^2.4.0:
  version "2.6.9"
  resolved "https://registry.yarnpkg.com/core-js/-/core-js-2.6.9.tgz#6b4b214620c834152e179323727fc19741b084f2"
  integrity sha512-HOpZf6eXmnl7la+cUdMnLvUxKNqLUzJvgIziQ0DiF3JwSImNphIqdGqzj6hIKyX04MmV0poclQ7+wjWvxQyR2A==

create-hash@1.1.3:
  version "1.1.3"
  resolved "https://registry.yarnpkg.com/create-hash/-/create-hash-1.1.3.tgz#606042ac8b9262750f483caddab0f5819172d8fd"
  integrity sha1-YGBCrIuSYnUPSDyt2rD1gZFy2P0=
  dependencies:
    cipher-base "^1.0.1"
    inherits "^2.0.1"
    ripemd160 "^2.0.0"
    sha.js "^2.4.0"

create-hash@^1.1.0, create-hash@^1.1.2, create-hash@^1.2.0:
  version "1.2.0"
  resolved "https://registry.yarnpkg.com/create-hash/-/create-hash-1.2.0.tgz#889078af11a63756bcfb59bd221996be3a9ef196"
  integrity sha512-z00bCGNHDG8mHAkP7CtT1qVu+bFQUPjYq/4Iv3C3kWjTFV10zIjfSoeqXo9Asws8gwSHDGj/hl2u4OGIjapeCg==
  dependencies:
    cipher-base "^1.0.1"
    inherits "^2.0.1"
    md5.js "^1.3.4"
    ripemd160 "^2.0.1"
    sha.js "^2.4.0"

create-hmac@1.1.6:
  version "1.1.6"
  resolved "https://registry.yarnpkg.com/create-hmac/-/create-hmac-1.1.6.tgz#acb9e221a4e17bdb076e90657c42b93e3726cf06"
  integrity sha1-rLniIaThe9sHbpBlfEK5PjcmzwY=
  dependencies:
    cipher-base "^1.0.3"
    create-hash "^1.1.0"
    inherits "^2.0.1"
    ripemd160 "^2.0.0"
    safe-buffer "^5.0.1"
    sha.js "^2.4.8"

create-hmac@^1.1.4:
  version "1.1.7"
  resolved "https://registry.yarnpkg.com/create-hmac/-/create-hmac-1.1.7.tgz#69170c78b3ab957147b2b8b04572e47ead2243ff"
  integrity sha512-MJG9liiZ+ogc4TzUwuvbER1JRdgvUFSB5+VR/g5h82fGaIRWMWddtKBHi7/sVhfjQZ6SehlyhvQYrcYkaUIpLg==
  dependencies:
    cipher-base "^1.0.3"
    create-hash "^1.1.0"
    inherits "^2.0.1"
    ripemd160 "^2.0.0"
    safe-buffer "^5.0.1"
    sha.js "^2.4.8"

debug@=3.1.0:
  version "3.1.0"
  resolved "https://registry.yarnpkg.com/debug/-/debug-3.1.0.tgz#5bb5a0672628b64149566ba16819e61518c67261"
  integrity sha512-OX8XqP7/1a9cqkxYw2yXss15f26NKWBpDXQd0/uK/KPqdQhxbPa994hnzjcE2VqQpDslf55723cKPUOGSmMY3g==
  dependencies:
    ms "2.0.0"

decamelize@^1.2.0:
  version "1.2.0"
  resolved "https://registry.yarnpkg.com/decamelize/-/decamelize-1.2.0.tgz#f6534d15148269b20352e7bee26f501f9a191290"
  integrity sha1-9lNNFRSCabIDUue+4m9QH5oZEpA=

dijkstrajs@^1.0.1:
  version "1.0.1"
  resolved "https://registry.yarnpkg.com/dijkstrajs/-/dijkstrajs-1.0.1.tgz#d3cd81221e3ea40742cfcde556d4e99e98ddc71b"
  integrity sha1-082BIh4+pAdCz83lVtTpnpjdxxs=

drbg.js@^1.0.1:
  version "1.0.1"
  resolved "https://registry.yarnpkg.com/drbg.js/-/drbg.js-1.0.1.tgz#3e36b6c42b37043823cdbc332d58f31e2445480b"
  integrity sha1-Pja2xCs3BDgjzbwzLVjzHiRFSAs=
  dependencies:
    browserify-aes "^1.0.6"
    create-hash "^1.1.2"
    create-hmac "^1.1.4"

ecurve@1.0.5:
  version "1.0.5"
  resolved "https://registry.yarnpkg.com/ecurve/-/ecurve-1.0.5.tgz#d148e8fe50a674f983bb5bae09da0ea23e10535e"
  integrity sha1-0Ujo/lCmdPmDu1uuCdoOoj4QU14=
  dependencies:
    bigi "^1.1.0"

elliptic@6.3.3:
  version "6.3.3"
  resolved "https://registry.yarnpkg.com/elliptic/-/elliptic-6.3.3.tgz#5482d9646d54bcb89fd7d994fc9e2e9568876e3f"
  integrity sha1-VILZZG1UvLif19mU/J4ulWiHbj8=
  dependencies:
    bn.js "^4.4.0"
    brorand "^1.0.1"
    hash.js "^1.0.0"
    inherits "^2.0.1"

elliptic@^6.4.1:
  version "6.5.0"
  resolved "https://registry.yarnpkg.com/elliptic/-/elliptic-6.5.0.tgz#2b8ed4c891b7de3200e14412a5b8248c7af505ca"
  integrity sha512-eFOJTMyCYb7xtE/caJ6JJu+bhi67WCYNbkGSknu20pmM8Ke/bqOfdnZWxyoGN26JgfxTbXrsCkEw4KheCT/KGg==
  dependencies:
    bn.js "^4.4.0"
    brorand "^1.0.1"
    hash.js "^1.0.0"
    hmac-drbg "^1.0.0"
    inherits "^2.0.1"
    minimalistic-assert "^1.0.0"
    minimalistic-crypto-utils "^1.0.0"

elliptic@^6.5.2:
  version "6.5.2"
  resolved "https://registry.yarnpkg.com/elliptic/-/elliptic-6.5.2.tgz#05c5678d7173c049d8ca433552224a495d0e3762"
  integrity sha512-f4x70okzZbIQl/NSRLkI/+tteV/9WqL98zx+SQ69KbXxmVrmjwsNUPn/gYJJ0sHvEak24cZgHIPegRePAtA/xw==
  dependencies:
    bn.js "^4.4.0"
    brorand "^1.0.1"
    hash.js "^1.0.0"
    hmac-drbg "^1.0.0"
    inherits "^2.0.1"
    minimalistic-assert "^1.0.0"
    minimalistic-crypto-utils "^1.0.0"

emoji-regex@^7.0.1:
  version "7.0.3"
  resolved "https://registry.yarnpkg.com/emoji-regex/-/emoji-regex-7.0.3.tgz#933a04052860c85e83c122479c4748a8e4c72156"
  integrity sha512-CwBLREIQ7LvYFB0WyRvwhq5N5qPhc6PMjD6bYggFlI5YyDgl+0vxq5VHbMOFqLg7hfWzmu8T5Z1QofhmTIhItA==

eosjs-ecc@^4.0.4:
  version "4.0.7"
  resolved "https://registry.yarnpkg.com/eosjs-ecc/-/eosjs-ecc-4.0.7.tgz#f5246da3b84839fcc237204768ef6e5ea56cc814"
  integrity sha512-uuqhqnrDy9XTpKfkhiZqRDUTCCI9oWBalVK5IosL7kpYwA9I3lm68INYFLyWsHpF2xwHqPql8MrMYJ3zfOn5Qg==
  dependencies:
    "@babel/runtime" "7.6.0"
    bigi "1.4.2"
    browserify-aes "1.0.6"
    bs58 "4.0.1"
    bytebuffer "5.0.1"
    create-hash "1.1.3"
    create-hmac "1.1.6"
    ecurve "1.0.5"
    randombytes "2.0.5"

ethereumjs-util@^6.1.0:
  version "6.1.0"
  resolved "https://registry.yarnpkg.com/ethereumjs-util/-/ethereumjs-util-6.1.0.tgz#e9c51e5549e8ebd757a339cc00f5380507e799c8"
  integrity sha512-URESKMFbDeJxnAxPppnk2fN6Y3BIatn9fwn76Lm8bQlt+s52TpG8dN9M66MLPuRAiAOIqL3dfwqWJf0sd0fL0Q==
  dependencies:
    bn.js "^4.11.0"
    create-hash "^1.1.2"
    ethjs-util "0.1.6"
    keccak "^1.0.2"
    rlp "^2.0.0"
    safe-buffer "^5.1.1"
    secp256k1 "^3.0.1"

ethers@^4.0.7:
  version "4.0.33"
  resolved "https://registry.yarnpkg.com/ethers/-/ethers-4.0.33.tgz#f7b88d2419d731a39aefc37843a3f293e396f918"
  integrity sha512-lAHkSPzBe0Vj+JrhmkEHLtUEKEheVktIjGDyE9gbzF4zf1vibjYgB57LraDHu4/ItqWVkztgsm8GWqcDMN+6vQ==
  dependencies:
    "@types/node" "^10.3.2"
    aes-js "3.0.0"
    bn.js "^4.4.0"
    elliptic "6.3.3"
    hash.js "1.1.3"
    js-sha3 "0.5.7"
    scrypt-js "2.0.4"
    setimmediate "1.0.4"
    uuid "2.0.1"
    xmlhttprequest "1.8.0"

ethjs-util@0.1.6:
  version "0.1.6"
  resolved "https://registry.yarnpkg.com/ethjs-util/-/ethjs-util-0.1.6.tgz#f308b62f185f9fe6237132fb2a9818866a5cd536"
  integrity sha512-CUnVOQq7gSpDHZVVrQW8ExxUETWrnrvXYvYz55wOU8Uj4VCgw56XC2B/fVqQN+f7gmrnRHSLVnFAwsCuNwji8w==
  dependencies:
    is-hex-prefixed "1.0.0"
    strip-hex-prefix "1.0.0"

eventemitter3@^3.1.0:
  version "3.1.2"
  resolved "https://registry.yarnpkg.com/eventemitter3/-/eventemitter3-3.1.2.tgz#2d3d48f9c346698fce83a85d7d664e98535df6e7"
  integrity sha512-tvtQIeLVHjDkJYnzf2dgVMxfuSGJeM/7UCG17TT4EumTfNtF+0nebF/4zWOIkCreAbtNqhGEboB6BWrwqNaw4Q==

evp_bytestokey@^1.0.0, evp_bytestokey@^1.0.3:
  version "1.0.3"
  resolved "https://registry.yarnpkg.com/evp_bytestokey/-/evp_bytestokey-1.0.3.tgz#7fcbdb198dc71959432efe13842684e0525acb02"
  integrity sha512-/f2Go4TognH/KvCISP7OUsHn85hT9nUkxxA9BEWxFn+Oj9o8ZNLm/40hdlgSLyuOimsrTKLUMEorQexp/aPQeA==
  dependencies:
    md5.js "^1.3.4"
    safe-buffer "^5.1.1"

file-uri-to-path@1.0.0:
  version "1.0.0"
  resolved "https://registry.yarnpkg.com/file-uri-to-path/-/file-uri-to-path-1.0.0.tgz#553a7b8446ff6f684359c445f1e37a05dacc33dd"
  integrity sha512-0Zt+s3L7Vf1biwWZ29aARiVYLx7iMGnEUl9x33fbB/j3jR81u/O2LbqK+Bm1CDSNDKVtJ/YjwY7TUd5SkeLQLw==

find-up@^3.0.0:
  version "3.0.0"
  resolved "https://registry.yarnpkg.com/find-up/-/find-up-3.0.0.tgz#49169f1d7993430646da61ecc5ae355c21c97b73"
  integrity sha512-1yD6RmLI1XBfxugvORwlck6f75tYL+iR0jqwsOrOxMZyGYqUuDhJ0l4AXdO1iX/FTs9cBAMEk1gWSEx1kSbylg==
  dependencies:
    locate-path "^3.0.0"

follow-redirects@1.5.10:
  version "1.5.10"
  resolved "https://registry.yarnpkg.com/follow-redirects/-/follow-redirects-1.5.10.tgz#7b7a9f9aea2fdff36786a94ff643ed07f4ff5e2a"
  integrity sha512-0V5l4Cizzvqt5D44aTXbFZz+FtyXV1vrDN6qrelxtfYQKW0KO0W2T/hkE8xvGa/540LkZlkaUjO4ailYTFtHVQ==
  dependencies:
    debug "=3.1.0"

get-caller-file@^2.0.1:
  version "2.0.5"
  resolved "https://registry.yarnpkg.com/get-caller-file/-/get-caller-file-2.0.5.tgz#4f94412a82db32f36e3b0b9741f8a97feb031f7e"
  integrity sha512-DyFP3BM/3YHTQOCUL/w0OZHR0lpKeGrxotcHWcqNEdnltqFwXVfhEBQ94eIo34AfQpo0rGki4cyIiftY06h2Fg==

hash-base@^3.0.0:
  version "3.0.4"
  resolved "https://registry.yarnpkg.com/hash-base/-/hash-base-3.0.4.tgz#5fc8686847ecd73499403319a6b0a3f3f6ae4918"
  integrity sha1-X8hoaEfs1zSZQDMZprCj8/auSRg=
  dependencies:
    inherits "^2.0.1"
    safe-buffer "^5.0.1"

hash.js@1.1.3:
  version "1.1.3"
  resolved "https://registry.yarnpkg.com/hash.js/-/hash.js-1.1.3.tgz#340dedbe6290187151c1ea1d777a3448935df846"
  integrity sha512-/UETyP0W22QILqS+6HowevwhEFJ3MBJnwTf75Qob9Wz9t0DPuisL8kW8YZMK62dHAKE1c1p+gY1TtOLY+USEHA==
  dependencies:
    inherits "^2.0.3"
    minimalistic-assert "^1.0.0"

hash.js@^1.0.0, hash.js@^1.0.3:
  version "1.1.7"
  resolved "https://registry.yarnpkg.com/hash.js/-/hash.js-1.1.7.tgz#0babca538e8d4ee4a0f8988d68866537a003cf42"
  integrity sha512-taOaskGt4z4SOANNseOviYDvjEJinIkRgmp7LbKP2YTTmVxWBl87s/uzK9r+44BclBSp2X7K1hqeNfz9JbBeXA==
  dependencies:
    inherits "^2.0.3"
    minimalistic-assert "^1.0.1"

hmac-drbg@^1.0.0:
  version "1.0.1"
  resolved "https://registry.yarnpkg.com/hmac-drbg/-/hmac-drbg-1.0.1.tgz#d2745701025a6c775a6c545793ed502fc0c649a1"
  integrity sha1-0nRXAQJabHdabFRXk+1QL8DGSaE=
  dependencies:
    hash.js "^1.0.3"
    minimalistic-assert "^1.0.0"
    minimalistic-crypto-utils "^1.0.1"

inherits@^2.0.1, inherits@^2.0.3:
  version "2.0.4"
  resolved "https://registry.yarnpkg.com/inherits/-/inherits-2.0.4.tgz#0fa2c64f932917c3433a0ded55363aae37416b7c"
  integrity sha512-k/vGaX4/Yla3WzyMCvTQOXYeIHvqOKtnqBduzTHpzpQZzAskKMhZ2K+EnBiSM9zGSoIFeMpXKxa4dYeZIQqewQ==

injectpromise@^1.0.0:
  version "1.0.0"
  resolved "https://registry.yarnpkg.com/injectpromise/-/injectpromise-1.0.0.tgz#c621f7df2bbfc1164d714f1fb229adec2079da39"
  integrity sha512-qNq5wy4qX4uWHcVFOEU+RqZkoVG65FhvGkyDWbuBxILMjK6A1LFf5A1mgXZkD4nRx5FCorD81X/XvPKp/zVfPA==

is-buffer@^2.0.2:
  version "2.0.3"
  resolved "https://registry.yarnpkg.com/is-buffer/-/is-buffer-2.0.3.tgz#4ecf3fcf749cbd1e472689e109ac66261a25e725"
  integrity sha512-U15Q7MXTuZlrbymiz95PJpZxu8IlipAp4dtS3wOdgPXx3mqBnslrWU14kxfHB+Py/+2PVKSr37dMAgM2A4uArw==

is-fullwidth-code-point@^2.0.0:
  version "2.0.0"
  resolved "https://registry.yarnpkg.com/is-fullwidth-code-point/-/is-fullwidth-code-point-2.0.0.tgz#a3b30a5c4f199183167aaab93beefae3ddfb654f"
  integrity sha1-o7MKXE8ZkYMWeqq5O+764937ZU8=

is-hex-prefixed@1.0.0:
  version "1.0.0"
  resolved "https://registry.yarnpkg.com/is-hex-prefixed/-/is-hex-prefixed-1.0.0.tgz#7d8d37e6ad77e5d127148913c573e082d777f554"
  integrity sha1-fY035q135dEnFIkTxXPggtd39VQ=

isarray@^2.0.1:
  version "2.0.5"
  resolved "https://registry.yarnpkg.com/isarray/-/isarray-2.0.5.tgz#8af1e4c1221244cc62459faf38940d4e644a5723"
  integrity sha512-xHjhDr3cNBK0BzdUJSPXZntQUx/mwMS5Rw4A7lPJ90XGAO6ISP/ePDNuo0vhqOZU+UD5JoodwCAAoZQd3FeAKw==

js-sha3@0.5.7:
  version "0.5.7"
  resolved "https://registry.yarnpkg.com/js-sha3/-/js-sha3-0.5.7.tgz#0d4ffd8002d5333aabaf4a23eed2f6374c9f28e7"
  integrity sha1-DU/9gALVMzqrr0oj7tL2N0yfKOc=

keccak@^1.0.2:
  version "1.4.0"
  resolved "https://registry.yarnpkg.com/keccak/-/keccak-1.4.0.tgz#572f8a6dbee8e7b3aa421550f9e6408ca2186f80"
  integrity sha512-eZVaCpblK5formjPjeTBik7TAg+pqnDrMHIffSvi9Lh7PQgM1+hSzakUeZFCk9DVVG0dacZJuaz2ntwlzZUIBw==
  dependencies:
    bindings "^1.2.1"
    inherits "^2.0.3"
    nan "^2.2.1"
    safe-buffer "^5.1.0"

locate-path@^3.0.0:
  version "3.0.0"
  resolved "https://registry.yarnpkg.com/locate-path/-/locate-path-3.0.0.tgz#dbec3b3ab759758071b58fe59fc41871af21400e"
  integrity sha512-7AO748wWnIhNqAuaty2ZWHkQHRSNfPVIsPIfwEOWO22AmaoVrWavlOcMR5nzTLNYvp36X220/maaRsrec1G65A==
  dependencies:
    p-locate "^3.0.0"
    path-exists "^3.0.0"

lodash@^4.17.14:
  version "4.17.15"
  resolved "https://registry.yarnpkg.com/lodash/-/lodash-4.17.15.tgz#b447f6670a0455bbfeedd11392eff330ea097548"
  integrity sha512-8xOcRHvCjnocdS5cpwXQXVzmmh5e5+saE2QGoeQmbKmRS6J3VQppPOIt0MnmE+4xlZoumy0GPG0D0MVIQbNA1A==

long@~3:
  version "3.2.0"
  resolved "https://registry.yarnpkg.com/long/-/long-3.2.0.tgz#d821b7138ca1cb581c172990ef14db200b5c474b"
  integrity sha1-2CG3E4yhy1gcFymQ7xTbIAtcR0s=

md5.js@^1.3.4:
  version "1.3.5"
  resolved "https://registry.yarnpkg.com/md5.js/-/md5.js-1.3.5.tgz#b5d07b8e3216e3e27cd728d72f70d1e6a342005f"
  integrity sha512-xitP+WxNPcTTOgnTJcrhM0xvdPepipPSf3I8EIpGKeFLjt3PlJLIDG3u8EX53ZIubkb+5U2+3rELYpEhHhzdkg==
  dependencies:
    hash-base "^3.0.0"
    inherits "^2.0.1"
    safe-buffer "^5.1.2"

minimalistic-assert@^1.0.0, minimalistic-assert@^1.0.1:
  version "1.0.1"
  resolved "https://registry.yarnpkg.com/minimalistic-assert/-/minimalistic-assert-1.0.1.tgz#2e194de044626d4a10e7f7fbc00ce73e83e4d5c7"
  integrity sha512-UtJcAD4yEaGtjPezWuO9wC4nwUnVH/8/Im3yEHQP4b67cXlD/Qr9hdITCU1xDbSEXg2XKNaP8jsReV7vQd00/A==

minimalistic-crypto-utils@^1.0.0, minimalistic-crypto-utils@^1.0.1:
  version "1.0.1"
  resolved "https://registry.yarnpkg.com/minimalistic-crypto-utils/-/minimalistic-crypto-utils-1.0.1.tgz#f6c00c1c0b082246e5c4d99dfb8c7c083b2b582a"
  integrity sha1-9sAMHAsIIkblxNmd+4x8CDsrWCo=

ms@2.0.0:
  version "2.0.0"
  resolved "https://registry.yarnpkg.com/ms/-/ms-2.0.0.tgz#5608aeadfc00be6c2901df5f9861788de0d597c8"
  integrity sha1-VgiurfwAvmwpAd9fmGF4jeDVl8g=

nan@^2.14.0, nan@^2.2.1:
  version "2.14.0"
  resolved "https://registry.yarnpkg.com/nan/-/nan-2.14.0.tgz#7818f722027b2459a86f0295d434d1fc2336c52c"
  integrity sha512-INOFj37C7k3AfaNTtX8RhsTw7qRy7eLET14cROi9+5HAVbbHuIWUHEauBv5qT4Av2tWasiTY1Jw6puUNqRJXQg==

p-limit@^2.0.0:
  version "2.2.1"
  resolved "https://registry.yarnpkg.com/p-limit/-/p-limit-2.2.1.tgz#aa07a788cc3151c939b5131f63570f0dd2009537"
  integrity sha512-85Tk+90UCVWvbDavCLKPOLC9vvY8OwEX/RtKF+/1OADJMVlFfEHOiMTPVyxg7mk/dKa+ipdHm0OUkTvCpMTuwg==
  dependencies:
    p-try "^2.0.0"

p-locate@^3.0.0:
  version "3.0.0"
  resolved "https://registry.yarnpkg.com/p-locate/-/p-locate-3.0.0.tgz#322d69a05c0264b25997d9f40cd8a891ab0064a4"
  integrity sha512-x+12w/To+4GFfgJhBEpiDcLozRJGegY+Ei7/z0tSLkMmxGZNybVMSfWj9aJn8Z5Fc7dBUNJOOVgPv2H7IwulSQ==
  dependencies:
    p-limit "^2.0.0"

p-try@^2.0.0:
  version "2.2.0"
  resolved "https://registry.yarnpkg.com/p-try/-/p-try-2.2.0.tgz#cb2868540e313d61de58fafbe35ce9004d5540e6"
  integrity sha512-R4nPAVTAU0B9D35/Gk3uJf/7XYbQcyohSKdvAxIRSNghFl4e71hVoGnBNQz9cWaXxO2I10KTC+3jMdvvoKw6dQ==

path-exists@^3.0.0:
  version "3.0.0"
  resolved "https://registry.yarnpkg.com/path-exists/-/path-exists-3.0.0.tgz#ce0ebeaa5f78cb18925ea7d810d7b59b010fd515"
  integrity sha1-zg6+ql94yxiSXqfYENe1mwEP1RU=

pbkdf2@^3.0.9:
  version "3.0.17"
  resolved "https://registry.yarnpkg.com/pbkdf2/-/pbkdf2-3.0.17.tgz#976c206530617b14ebb32114239f7b09336e93a6"
  integrity sha512-U/il5MsrZp7mGg3mSQfn742na2T+1/vHDCG5/iTI3X9MKUuYUZVLQhyRsg06mCgDBTd57TxzgZt7P+fYfjRLtA==
  dependencies:
    create-hash "^1.1.2"
    create-hmac "^1.1.4"
    ripemd160 "^2.0.1"
    safe-buffer "^5.0.1"
    sha.js "^2.4.8"

pngjs@^3.3.0:
  version "3.4.0"
  resolved "https://registry.yarnpkg.com/pngjs/-/pngjs-3.4.0.tgz#99ca7d725965fb655814eaf65f38f12bbdbf555f"
  integrity sha512-NCrCHhWmnQklfH4MtJMRjZ2a8c80qXeMlQMv2uVp9ISJMTt562SbGd6n2oq0PaPgKm7Z6pL9E2UlLIhC+SHL3w==

qrcode@^1.4.1:
  version "1.4.2"
  resolved "https://registry.yarnpkg.com/qrcode/-/qrcode-1.4.2.tgz#e7c82a60140916d666541043bd2b0b72ee4e38a6"
  integrity sha512-eR6RgxFYPDFH+zFLTJKtoNP/RlsHANQb52AUmQ2bGDPMuUw7jJb0F+DNEgx7qQGIElrbFxWYMc0/B91zLZPF9Q==
  dependencies:
    dijkstrajs "^1.0.1"
    isarray "^2.0.1"
    pngjs "^3.3.0"
    yargs "^13.2.4"

randombytes@2.0.5:
  version "2.0.5"
  resolved "https://registry.yarnpkg.com/randombytes/-/randombytes-2.0.5.tgz#dc009a246b8d09a177b4b7a0ae77bc570f4b1b79"
  integrity sha512-8T7Zn1AhMsQ/HI1SjcCfT/t4ii3eAqco3yOcSzS4mozsOz69lHLsoMXmF9nZgnFanYscnSlUSgs8uZyKzpE6kg==
  dependencies:
    safe-buffer "^5.1.0"

randombytes@^2.0.1:
  version "2.1.0"
  resolved "https://registry.yarnpkg.com/randombytes/-/randombytes-2.1.0.tgz#df6f84372f0270dc65cdf6291349ab7a473d4f2a"
  integrity sha512-vYl3iOX+4CKUWuxGi9Ukhie6fsqXqS9FE2Zaic4tNFD2N2QQaXOMFbuKK4QmDHC0JO6B1Zp41J0LpT0oR68amQ==
  dependencies:
    safe-buffer "^5.1.0"

regenerator-runtime@^0.11.0:
  version "0.11.1"
  resolved "https://registry.yarnpkg.com/regenerator-runtime/-/regenerator-runtime-0.11.1.tgz#be05ad7f9bf7d22e056f9726cee5017fbf19e2e9"
  integrity sha512-MguG95oij0fC3QV3URf4V2SDYGJhJnJGqvIIgdECeODCT98wSWDAJ94SSuVpYQUoTcGUIL6L4yNB7j1DFFHSBg==

regenerator-runtime@^0.13.2:
  version "0.13.3"
  resolved "https://registry.yarnpkg.com/regenerator-runtime/-/regenerator-runtime-0.13.3.tgz#7cf6a77d8f5c6f60eb73c5fc1955b2ceb01e6bf5"
  integrity sha512-naKIZz2GQ8JWh///G7L3X6LaQUAMp2lvb1rvwwsURe/VXwD6VMfr+/1NuNw3ag8v2kY1aQ/go5SNn79O9JU7yw==

require-directory@^2.1.1:
  version "2.1.1"
  resolved "https://registry.yarnpkg.com/require-directory/-/require-directory-2.1.1.tgz#8c64ad5fd30dab1c976e2344ffe7f792a6a6df42"
  integrity sha1-jGStX9MNqxyXbiNE/+f3kqam30I=

require-main-filename@^2.0.0:
  version "2.0.0"
  resolved "https://registry.yarnpkg.com/require-main-filename/-/require-main-filename-2.0.0.tgz#d0b329ecc7cc0f61649f62215be69af54aa8989b"
  integrity sha512-NKN5kMDylKuldxYLSUfrbo5Tuzh4hd+2E8NPPX02mZtn1VuREQToYe/ZdlJy+J3uCpfaiGF05e7B8W0iXbQHmg==

ripemd160@^2.0.0, ripemd160@^2.0.1:
  version "2.0.2"
  resolved "https://registry.yarnpkg.com/ripemd160/-/ripemd160-2.0.2.tgz#a1c1a6f624751577ba5d07914cbc92850585890c"
  integrity sha512-ii4iagi25WusVoiC4B4lq7pbXfAp3D9v5CwfkY33vffw2+pkDjY1D8GaN7spsxvCSx8dkPqOZCEZyfxcmJG2IA==
  dependencies:
    hash-base "^3.0.0"
    inherits "^2.0.1"

rlp@^2.0.0:
  version "2.2.3"
  resolved "https://registry.yarnpkg.com/rlp/-/rlp-2.2.3.tgz#7f94aef86cec412df87d5ea1d8cb116a47d45f0e"
  integrity sha512-l6YVrI7+d2vpW6D6rS05x2Xrmq8oW7v3pieZOJKBEdjuTF4Kz/iwk55Zyh1Zaz+KOB2kC8+2jZlp2u9L4tTzCQ==
  dependencies:
    bn.js "^4.11.1"
    safe-buffer "^5.1.1"

safe-buffer@^5.0.1, safe-buffer@^5.1.0, safe-buffer@^5.1.1, safe-buffer@^5.1.2:
  version "5.2.0"
  resolved "https://registry.yarnpkg.com/safe-buffer/-/safe-buffer-5.2.0.tgz#b74daec49b1148f88c64b68d49b1e815c1f2f519"
  integrity sha512-fZEwUGbVl7kouZs1jCdMLdt95hdIv0ZeHg6L7qPeciMZhZ+/gdesW4wgTARkrFWEpspjEATAzUGPG8N2jJiwbg==

scrypt-async@^2.0.1:
  version "2.0.1"
  resolved "https://registry.yarnpkg.com/scrypt-async/-/scrypt-async-2.0.1.tgz#4318dae48a8b7cc3b8fe05f75f4164a7d973d25d"
  integrity sha512-wHR032jldwZNy7Tzrfu7RccOgGf8r5hyDMSP2uV6DpLiBUsR8JsDcx/in73o2UGVVrH5ivRFdNsFPcjtl3LErQ==

scrypt-js@2.0.4:
  version "2.0.4"
  resolved "https://registry.yarnpkg.com/scrypt-js/-/scrypt-js-2.0.4.tgz#32f8c5149f0797672e551c07e230f834b6af5f16"
  integrity sha512-4KsaGcPnuhtCZQCxFxN3GVYIhKFPTdLd8PLC552XwbMndtD0cjRFAhDuuydXQ0h08ZfPgzqe6EKHozpuH74iDw==

secp256k1@^3.0.1:
  version "3.7.1"
  resolved "https://registry.yarnpkg.com/secp256k1/-/secp256k1-3.7.1.tgz#12e473e0e9a7c2f2d4d4818e722ad0e14cc1e2f1"
  integrity sha512-1cf8sbnRreXrQFdH6qsg2H71Xw91fCCS9Yp021GnUNJzWJS/py96fS4lHbnTnouLp08Xj6jBoBB6V78Tdbdu5g==
  dependencies:
    bindings "^1.5.0"
    bip66 "^1.1.5"
    bn.js "^4.11.8"
    create-hash "^1.2.0"
    drbg.js "^1.0.1"
    elliptic "^6.4.1"
    nan "^2.14.0"
    safe-buffer "^5.1.2"

semver@^5.6.0:
  version "5.7.0"
  resolved "https://registry.yarnpkg.com/semver/-/semver-5.7.0.tgz#790a7cf6fea5459bac96110b29b60412dc8ff96b"
  integrity sha512-Ya52jSX2u7QKghxeoFGpLwCtGlt7j0oY9DYb5apt9nPlJ42ID+ulTXESnt/qAQcoSERyZ5sl3LDIOw0nAn/5DA==

set-blocking@^2.0.0:
  version "2.0.0"
  resolved "https://registry.yarnpkg.com/set-blocking/-/set-blocking-2.0.0.tgz#045f9782d011ae9a6803ddd382b24392b3d890f7"
  integrity sha1-BF+XgtARrppoA93TgrJDkrPYkPc=

setimmediate@1.0.4:
  version "1.0.4"
  resolved "https://registry.yarnpkg.com/setimmediate/-/setimmediate-1.0.4.tgz#20e81de622d4a02588ce0c8da8973cbcf1d3138f"
  integrity sha1-IOgd5iLUoCWIzgyNqJc8vPHTE48=

sha.js@^2.4.0, sha.js@^2.4.8:
  version "2.4.11"
  resolved "https://registry.yarnpkg.com/sha.js/-/sha.js-2.4.11.tgz#37a5cf0b81ecbc6943de109ba2960d1b26584ae7"
  integrity sha512-QMEp5B7cftE7APOjk5Y6xgrbWu+WkLVQwk8JNjZ8nKRciZaByEW6MubieAiToS7+dwvrjGhH8jRXz3MVd0AYqQ==
  dependencies:
    inherits "^2.0.1"
    safe-buffer "^5.0.1"

sjcl@^1.0.7:
  version "1.0.8"
  resolved "https://registry.yarnpkg.com/sjcl/-/sjcl-1.0.8.tgz#f2ec8d7dc1f0f21b069b8914a41a8f236b0e252a"
  integrity sha512-LzIjEQ0S0DpIgnxMEayM1rq9aGwGRG4OnZhCdjx7glTaJtf4zRfpg87ImfjSJjoW9vKpagd82McDOwbRT5kQKQ==

string-width@^3.0.0, string-width@^3.1.0:
  version "3.1.0"
  resolved "https://registry.yarnpkg.com/string-width/-/string-width-3.1.0.tgz#22767be21b62af1081574306f69ac51b62203961"
  integrity sha512-vafcv6KjVZKSgz06oM/H6GDBrAtz8vdhQakGjFIvNrHA6y3HCF1CInLy+QLq8dTJPQ1b+KDUqDFctkdRW44e1w==
  dependencies:
    emoji-regex "^7.0.1"
    is-fullwidth-code-point "^2.0.0"
    strip-ansi "^5.1.0"

strip-ansi@^5.0.0, strip-ansi@^5.1.0, strip-ansi@^5.2.0:
  version "5.2.0"
  resolved "https://registry.yarnpkg.com/strip-ansi/-/strip-ansi-5.2.0.tgz#8c9a536feb6afc962bdfa5b104a5091c1ad9c0ae"
  integrity sha512-DuRs1gKbBqsMKIZlrffwlug8MHkcnpjs5VPmL1PAh+mA30U0DTotfDZ0d2UUsXpPmPmMMJ6W773MaA3J+lbiWA==
  dependencies:
    ansi-regex "^4.1.0"

strip-hex-prefix@1.0.0:
  version "1.0.0"
  resolved "https://registry.yarnpkg.com/strip-hex-prefix/-/strip-hex-prefix-1.0.0.tgz#0c5f155fef1151373377de9dbb588da05500e36f"
  integrity sha1-DF8VX+8RUTczd96du1iNoFUA428=
  dependencies:
    is-hex-prefixed "1.0.0"

tronweb@^2.8.0:
  version "2.8.0"
  resolved "https://registry.yarnpkg.com/tronweb/-/tronweb-2.8.0.tgz#e70247486590376a4ee3497d4c5dd66aa5f312d6"
  integrity sha512-B5vn2TsH8hV9z7jvxlmMlIcKjd+qq7TS4p5E1w4422FJ1tBVe3cQqQZ0YP09aj/9k6eJQsGdWfBB1WYQQb0d5Q==
  dependencies:
    "@babel/runtime" "^7.0.0"
    axios "^0.19.0"
    babel-runtime "^6.26.0"
    bignumber.js "^7.2.1"
    elliptic "^6.4.1"
    ethers "^4.0.7"
    eventemitter3 "^3.1.0"
    injectpromise "^1.0.0"
    lodash "^4.17.14"
    semver "^5.6.0"
    validator "^10.7.1"

unorm@^1.3.3:
  version "1.6.0"
  resolved "https://registry.yarnpkg.com/unorm/-/unorm-1.6.0.tgz#029b289661fba714f1a9af439eb51d9b16c205af"
  integrity sha512-b2/KCUlYZUeA7JFUuRJZPUtr4gZvBh7tavtv4fvk4+KV9pfGiR6CQAQAWl49ZpR3ts2dk4FYkP7EIgDJoiOLDA==

uuid@2.0.1:
  version "2.0.1"
  resolved "https://registry.yarnpkg.com/uuid/-/uuid-2.0.1.tgz#c2a30dedb3e535d72ccf82e343941a50ba8533ac"
  integrity sha1-wqMN7bPlNdcsz4LjQ5QaULqFM6w=

validator@^10.7.1:
  version "10.11.0"
  resolved "https://registry.yarnpkg.com/validator/-/validator-10.11.0.tgz#003108ea6e9a9874d31ccc9e5006856ccd76b228"
  integrity sha512-X/p3UZerAIsbBfN/IwahhYaBbY68EN/UQBWHtsbXGT5bfrH/p4NQzUCG1kF/rtKaNpnJ7jAu6NGTdSNtyNIXMw==

which-module@^2.0.0:
  version "2.0.0"
  resolved "https://registry.yarnpkg.com/which-module/-/which-module-2.0.0.tgz#d9ef07dce77b9902b8a3a8fa4b31c3e3f7e6e87a"
  integrity sha1-2e8H3Od7mQK4o6j6SzHD4/fm6Ho=

wrap-ansi@^5.1.0:
  version "5.1.0"
  resolved "https://registry.yarnpkg.com/wrap-ansi/-/wrap-ansi-5.1.0.tgz#1fd1f67235d5b6d0fee781056001bfb694c03b09"
  integrity sha512-QC1/iN/2/RPVJ5jYK8BGttj5z83LmSKmvbvrXPNCLZSEb32KKVDJDl/MOt2N01qU2H/FkzEa9PKto1BqDjtd7Q==
  dependencies:
    ansi-styles "^3.2.0"
    string-width "^3.0.0"
    strip-ansi "^5.0.0"

xmlhttprequest@1.8.0:
  version "1.8.0"
  resolved "https://registry.yarnpkg.com/xmlhttprequest/-/xmlhttprequest-1.8.0.tgz#67fe075c5c24fef39f9d65f5f7b7fe75171968fc"
  integrity sha1-Z/4HXFwk/vOfnWX197f+dRcZaPw=

y18n@^4.0.0:
  version "4.0.0"
  resolved "https://registry.yarnpkg.com/y18n/-/y18n-4.0.0.tgz#95ef94f85ecc81d007c264e190a120f0a3c8566b"
  integrity sha512-r9S/ZyXu/Xu9q1tYlpsLIsa3EeLXXk0VwlxqTcFRfg9EhMW+17kbt9G0NrgCmhGb5vT2hyhJZLfDGx+7+5Uj/w==

yargs-parser@^13.1.1:
  version "13.1.2"
  resolved "https://registry.yarnpkg.com/yargs-parser/-/yargs-parser-13.1.2.tgz#130f09702ebaeef2650d54ce6e3e5706f7a4fb38"
  integrity sha512-3lbsNRf/j+A4QuSZfDRA7HRSfWrzO0YjqTJd5kjAq37Zep1CEgaYmrH9Q3GwPiB9cHyd1Y1UwggGhJGoxipbzg==
  dependencies:
    camelcase "^5.0.0"
    decamelize "^1.2.0"

yargs@^13.2.4:
  version "13.3.0"
  resolved "https://registry.yarnpkg.com/yargs/-/yargs-13.3.0.tgz#4c657a55e07e5f2cf947f8a366567c04a0dedc83"
  integrity sha512-2eehun/8ALW8TLoIl7MVaRUrg+yCnenu8B4kBlRxj3GJGDKU1Og7sMXPNm1BYyM1DOJmTZ4YeN/Nwxv+8XJsUA==
  dependencies:
    cliui "^5.0.0"
    find-up "^3.0.0"
    get-caller-file "^2.0.1"
    require-directory "^2.1.1"
    require-main-filename "^2.0.0"
    set-blocking "^2.0.0"
    string-width "^3.0.0"
    which-module "^2.0.0"
    y18n "^4.0.0"
    yargs-parser "^13.1.1"
